devDependencies:
  sinon: 9.0.1
lockfileVersion: 5.1
packages:
  /@sinonjs/commons/1.7.1:
    dependencies:
      type-detect: 4.0.8
    dev: true
    resolution:
      integrity: sha512-Debi3Baff1Qu1Unc3mjJ96MgpbwTn43S1+9yJ0llWygPwDNu2aaWBD6yc9y/Z8XDRNhx7U+u2UDg2OGQXkclUQ==
  /@sinonjs/fake-timers/6.0.1:
    dependencies:
      '@sinonjs/commons': 1.7.1
    dev: true
    resolution:
      integrity: sha512-MZPUxrmFubI36XS1DI3qmI0YdN1gks62JtFZvxR67ljjSNCeK6U08Zx4msEWOXuofgqUt6zPHSi1H9fbjR/NRA==
  /@sinonjs/formatio/5.0.1:
    dependencies:
      '@sinonjs/commons': 1.7.1
      '@sinonjs/samsam': 5.0.3
    dev: true
    resolution:
      integrity: sha512-KaiQ5pBf1MpS09MuA0kp6KBQt2JUOQycqVG1NZXvzeaXe5LGFqAKueIS0bw4w0P9r7KuBSVdUk5QjXsUdu2CxQ==
  /@sinonjs/samsam/5.0.3:
    dependencies:
      '@sinonjs/commons': 1.7.1
      lodash.get: 4.4.2
      type-detect: 4.0.8
    dev: true
    resolution:
      integrity: sha512-QucHkc2uMJ0pFGjJUDP3F9dq5dx8QIaqISl9QgwLOh6P9yv877uONPGXh/OH/0zmM3tW1JjuJltAZV2l7zU+uQ==
  /@sinonjs/text-encoding/0.7.1:
    dev: true
    resolution:
      integrity: sha512-+iTbntw2IZPb/anVDbypzfQa+ay64MW0Zo8aJ8gZPWMMK6/OubMVb6lUPMagqjOPnmtauXnFCACVl3O7ogjeqQ==
  /diff/4.0.2:
    dev: true
    engines:
      node: '>=0.3.1'
    resolution:
      integrity: sha512-58lmxKSA4BNyLz+HHMUzlOEpg09FV+ev6ZMe3vJihgdxzgcwZ8VoEEPmALCZG9LmqfVoNMMKpttIYTVG6uDY7A==
  /has-flag/4.0.0:
    dev: true
    engines:
      node: '>=8'
    resolution:
      integrity: sha512-EykJT/Q1KjTWctppgIAgfSO0tKVuZUjhgMr17kqTumMl6Afv3EISleU7qZUzoXDFTAHTDC4NOoG/ZxU3EvlMPQ==
  /isarray/0.0.1:
    dev: true
    resolution:
      integrity: sha1-ihis/Kmo9Bd+Cav8YDiTmwXR7t8=
  /just-extend/4.1.0:
    dev: true
    resolution:
      integrity: sha512-ApcjaOdVTJ7y4r08xI5wIqpvwS48Q0PBG4DJROcEkH1f8MdAiNFyFxz3xoL0LWAVwjrwPYZdVHHxhRHcx/uGLA==
  /lodash.get/4.4.2:
    dev: true
    resolution:
      integrity: sha1-LRd/ZS+jHpObRDjVNBSZ36OCXpk=
  /nise/4.0.3:
    dependencies:
      '@sinonjs/commons': 1.7.1
      '@sinonjs/fake-timers': 6.0.1
      '@sinonjs/text-encoding': 0.7.1
      just-extend: 4.1.0
      path-to-regexp: 1.8.0
    dev: true
    resolution:
      integrity: sha512-EGlhjm7/4KvmmE6B/UFsKh7eHykRl9VH+au8dduHLCyWUO/hr7+N+WtTvDUwc9zHuM1IaIJs/0lQ6Ag1jDkQSg==
  /path-to-regexp/1.8.0:
    dependencies:
      isarray: 0.0.1
    dev: true
    resolution:
      integrity: sha512-n43JRhlUKUAlibEJhPeir1ncUID16QnEjNpwzNdO3Lm4ywrBpBZ5oLD0I6br9evr1Y9JTqwRtAh7JLoOzAQdVA==
  /sinon/9.0.1:
    dependencies:
      '@sinonjs/commons': 1.7.1
      '@sinonjs/fake-timers': 6.0.1
      '@sinonjs/formatio': 5.0.1
      '@sinonjs/samsam': 5.0.3
      diff: 4.0.2
      nise: 4.0.3
      supports-color: 7.1.0
    dev: true
    resolution:
      integrity: sha512-iTTyiQo5T94jrOx7X7QLBZyucUJ2WvL9J13+96HMfm2CGoJYbIPqRfl6wgNcqmzk0DI28jeGx5bUTXizkrqBmg==
  /supports-color/7.1.0:
    dependencies:
      has-flag: 4.0.0
    dev: true
    engines:
      node: '>=8'
    resolution:
      integrity: sha512-oRSIpR8pxT1Wr2FquTNnGet79b3BWljqOuoW/h4oBhxJ/HUbX5nX6JSruTkvXDCFMwDPvsaTTbvMLKZWSy0R5g==
  /type-detect/4.0.8:
    dev: true
    engines:
      node: '>=4'
    resolution:
      integrity: sha512-0fr/mIH1dlO+x7TlcMy+bIDqKPsw/70tVyeHW787goQjhmqaZe10uwLujubK9q9Lg6Fiho1KUKDYz0Z7k7g5/g==
specifiers:
  sinon: ^9.0.1
